
Microsoft Visual Studio Solution File, Format Version 12.00
# Visual Studio Version 16
VisualStudioVersion = 16.0.30717.126
MinimumVisualStudioVersion = 10.0.40219.1
Project("{FAE04EC0-301F-11D3-BF4B-00C04F79EFBC}") = "MVC_Northwind2", "MVC_Northwind2\MVC_Northwind2.csproj", "{8BAA089D-C436-4718-9283-C5CD36B43454}"
EndProject
Global
	GlobalSection(SolutionConfigurationPlatforms) = preSolution
		Debug|Any CPU = Debug|Any CPU
		Release|Any CPU = Release|Any CPU
	EndGlobalSection
	GlobalSection(ProjectConfigurationPlatforms) = postSolution
		{8BAA089D-C436-4718-9283-C5CD36B43454}.Debug|Any CPU.ActiveCfg = Debug|Any CPU
		{8BAA089D-C436-4718-9283-C5CD36B43454}.Debug|Any CPU.Build.0 = Debug|Any CPU
		{8BAA089D-C436-4718-9283-C5CD36B43454}.Release|Any CPU.ActiveCfg = Release|Any CPU
		{8BAA089D-C436-4718-9283-C5CD36B43454}.Release|Any CPU.Build.0 = Release|Any CPU
	EndGlobalSection
	GlobalSection(SolutionProperties) = preSolution
		HideSolutionNode = FALSE
	EndGlobalSection
	GlobalSection(ExtensibilityGlobals) = postSolution
		SolutionGuid = {EA1AAA4B-25E9-45B2-B6EE-B2CA3E397D67}
	EndGlobalSection
EndGlobal
